
Microsoft Visual Studio Solution File, Format Version 12.00
# Visual Studio Version 16
VisualStudioVersion = 16.0.31729.503
MinimumVisualStudioVersion = 10.0.40219.1
Project("{FAE04EC0-301F-11D3-BF4B-00C04F79EFBC}") = "CQRSDemo", "CQRSDemo.csproj", "{172442D4-68DB-41DB-B35A-BB5FB5366C3C}"
EndProject
Global
	GlobalSection(SolutionConfigurationPlatforms) = preSolution
		Debug|Any CPU = Debug|Any CPU
		Release|Any CPU = Release|Any CPU
	EndGlobalSection
	GlobalSection(ProjectConfigurationPlatforms) = postSolution
		{172442D4-68DB-41DB-B35A-BB5FB5366C3C}.Debug|Any CPU.ActiveCfg = Debug|Any CPU
		{172442D4-68DB-41DB-B35A-BB5FB5366C3C}.Debug|Any CPU.Build.0 = Debug|Any CPU
		{172442D4-68DB-41DB-B35A-BB5FB5366C3C}.Release|Any CPU.ActiveCfg = Release|Any CPU
		{172442D4-68DB-41DB-B35A-BB5FB5366C3C}.Release|Any CPU.Build.0 = Release|Any CPU
	EndGlobalSection
	GlobalSection(SolutionProperties) = preSolution
		HideSolutionNode = FALSE
	EndGlobalSection
	GlobalSection(ExtensibilityGlobals) = postSolution
		SolutionGuid = {279892E7-1D66-4485-8C03-9806AA41FB8A}
	EndGlobalSection
EndGlobal
